{
  "nodes": {
    "nixpkgs": {
      "locked": {
        "lastModified": 1789286504,
        "narHash": "sha256-3i80JnZ9pZ7tWReb/Sqpc32cfzffCu8TWLnbnH0hN9c=",
        "rev": "ef34387ddd751e1ab8857adf4676492d32eb24ec",
        "type": "tarball",
        "url": "https://releases.nixos.org/nixos/unstable/nixos-26.11pre1073009.ef34387ddd75/nixexprs.tar.zst"
      },
      "original": {
        "type": "tarball",
        "url": "https://channels.nixos.org/nixos-unstable/nixexprs.tar.zst"
      }
    },
    "nixpkgs_2": {
      "locked": {
        "lastModified": 1744536153,
        "narHash": "sha256-awS2zRgF4uTwrOKwwiJcByDzDOdo3Q1rPZbiHQg/N38=",
        "owner": "NixOS",
        "repo": "nixpkgs",
        "rev": "18dd725c29603f582cf1900e0d25f9f1063dbf11",
        "type": "github"
      },
      "original": {
        "owner": "NixOS",
        "ref": "nixpkgs-unstable",
        "repo": "nixpkgs",
        "type": "github"
      }
    },
    "root": {
      "inputs": {
        "nixpkgs": "nixpkgs",
        "rust-overlay": "rust-overlay",
        "verus-src": "verus-src"
      }
    },
    "rust-overlay": {
      "inputs": {
        "nixpkgs": "nixpkgs_2"
      },
      "locked": {
        "lastModified": 1789372034,
        "narHash": "sha256-mu6atvdBHYpDsFhJkPtSsS6auSWAnWONVJMCvpL0900=",
        "owner": "oxalica",
        "repo": "rust-overlay",
        "rev": "a5f41d15ba0e9442542c5324fbccd7a87105a90d",
        "type": "github"
      },
      "original": {
        "owner": "oxalica",
        "repo": "rust-overlay",
        "type": "github"
      }
    },
    "verus-src": {
      "flake": false,
      "locked": {
        "lastModified": 1789359557,
        "narHash": "sha256-JhPblxJLTCtyMg1pDDMKQ+k0vJGn6kKlZPBZ5HIbZR8=",
        "owner": "verus-lang",
        "repo": "verus",
        "rev": "a0c23e842b787e45332b713a0ff48dc17510a555",
        "type": "github"
      },
      "original": {
        "owner": "verus-lang",
        "repo": "verus",
        "type": "github"
      }
    }
  },
  "root": "root",
  "version": 7
}
